
Microsoft Visual Studio Solution File, Format Version 12.00
# Visual Studio 15
VisualStudioVersion = 15.0.27130.2010
MinimumVisualStudioVersion = 10.0.40219.1
Project("{FAE04EC0-301F-11D3-BF4B-00C04F79EFBC}") = "webDiscussex", "webDiscussex\webDiscussex.csproj", "{98682F72-6AC7-4DA3-8460-C0569D563418}"
EndProject
Global
	GlobalSection(SolutionConfigurationPlatforms) = preSolution
		Debug|Any CPU = Debug|Any CPU
		Release|Any CPU = Release|Any CPU
	EndGlobalSection
	GlobalSection(ProjectConfigurationPlatforms) = postSolution
		{98682F72-6AC7-4DA3-8460-C0569D563418}.Debug|Any CPU.ActiveCfg = Debug|Any CPU
		{98682F72-6AC7-4DA3-8460-C0569D563418}.Debug|Any CPU.Build.0 = Debug|Any CPU
		{98682F72-6AC7-4DA3-8460-C0569D563418}.Release|Any CPU.ActiveCfg = Release|Any CPU
		{98682F72-6AC7-4DA3-8460-C0569D563418}.Release|Any CPU.Build.0 = Release|Any CPU
	EndGlobalSection
	GlobalSection(SolutionProperties) = preSolution
		HideSolutionNode = FALSE
	EndGlobalSection
	GlobalSection(ExtensibilityGlobals) = postSolution
		SolutionGuid = {D24450ED-A504-4C29-9634-8D18D60F7CA0}
	EndGlobalSection
EndGlobal
