
Microsoft Visual Studio Solution File, Format Version 12.00
# Visual Studio 15
VisualStudioVersion = 15.0.27130.2003
MinimumVisualStudioVersion = 10.0.40219.1
Project("{FAE04EC0-301F-11D3-BF4B-00C04F79EFBC}") = "TesteTDD", "TesteTDD\TesteTDD.csproj", "{196EE030-46C6-4C6B-BEDB-5AA58CF54589}"
EndProject
Project("{2150E333-8FDC-42A3-9474-1A3956D46DE8}") = "Testes", "Testes", "{777BD4CA-6415-47F0-B311-B08D25671263}"
EndProject
Project("{FAE04EC0-301F-11D3-BF4B-00C04F79EFBC}") = "TesteForum", "TesteForum\TesteForum.csproj", "{D85D5C08-85C3-4B33-AD96-901AAA1C5F81}"
EndProject
Global
	GlobalSection(SolutionConfigurationPlatforms) = preSolution
		Debug|Any CPU = Debug|Any CPU
		Release|Any CPU = Release|Any CPU
	EndGlobalSection
	GlobalSection(ProjectConfigurationPlatforms) = postSolution
		{196EE030-46C6-4C6B-BEDB-5AA58CF54589}.Debug|Any CPU.ActiveCfg = Debug|Any CPU
		{196EE030-46C6-4C6B-BEDB-5AA58CF54589}.Debug|Any CPU.Build.0 = Debug|Any CPU
		{196EE030-46C6-4C6B-BEDB-5AA58CF54589}.Release|Any CPU.ActiveCfg = Release|Any CPU
		{196EE030-46C6-4C6B-BEDB-5AA58CF54589}.Release|Any CPU.Build.0 = Release|Any CPU
		{D85D5C08-85C3-4B33-AD96-901AAA1C5F81}.Debug|Any CPU.ActiveCfg = Debug|Any CPU
		{D85D5C08-85C3-4B33-AD96-901AAA1C5F81}.Debug|Any CPU.Build.0 = Debug|Any CPU
		{D85D5C08-85C3-4B33-AD96-901AAA1C5F81}.Release|Any CPU.ActiveCfg = Release|Any CPU
		{D85D5C08-85C3-4B33-AD96-901AAA1C5F81}.Release|Any CPU.Build.0 = Release|Any CPU
	EndGlobalSection
	GlobalSection(SolutionProperties) = preSolution
		HideSolutionNode = FALSE
	EndGlobalSection
	GlobalSection(NestedProjects) = preSolution
		{D85D5C08-85C3-4B33-AD96-901AAA1C5F81} = {777BD4CA-6415-47F0-B311-B08D25671263}
	EndGlobalSection
	GlobalSection(ExtensibilityGlobals) = postSolution
		SolutionGuid = {439D61FC-65D1-4A76-BF40-B8C11F12F78D}
	EndGlobalSection
EndGlobal
