
Microsoft Visual Studio Solution File, Format Version 12.00
# Visual Studio 15
VisualStudioVersion = 15.0.27130.2003
MinimumVisualStudioVersion = 10.0.40219.1
Project("{FAE04EC0-301F-11D3-BF4B-00C04F79EFBC}") = "TesteTDD", "TesteTDD\TesteTDD.csproj", "{ACB44450-C6A5-417F-9258-4985C9EBDDBB}"
EndProject
Project("{FAE04EC0-301F-11D3-BF4B-00C04F79EFBC}") = "Teste", "Teste\Teste.csproj", "{D69FB0C8-2C6D-4A8B-95A9-CDE1006C7125}"
EndProject
Global
	GlobalSection(SolutionConfigurationPlatforms) = preSolution
		Debug|Any CPU = Debug|Any CPU
		Release|Any CPU = Release|Any CPU
	EndGlobalSection
	GlobalSection(ProjectConfigurationPlatforms) = postSolution
		{ACB44450-C6A5-417F-9258-4985C9EBDDBB}.Debug|Any CPU.ActiveCfg = Debug|Any CPU
		{ACB44450-C6A5-417F-9258-4985C9EBDDBB}.Debug|Any CPU.Build.0 = Debug|Any CPU
		{ACB44450-C6A5-417F-9258-4985C9EBDDBB}.Release|Any CPU.ActiveCfg = Release|Any CPU
		{ACB44450-C6A5-417F-9258-4985C9EBDDBB}.Release|Any CPU.Build.0 = Release|Any CPU
		{D69FB0C8-2C6D-4A8B-95A9-CDE1006C7125}.Debug|Any CPU.ActiveCfg = Debug|Any CPU
		{D69FB0C8-2C6D-4A8B-95A9-CDE1006C7125}.Debug|Any CPU.Build.0 = Debug|Any CPU
		{D69FB0C8-2C6D-4A8B-95A9-CDE1006C7125}.Release|Any CPU.ActiveCfg = Release|Any CPU
		{D69FB0C8-2C6D-4A8B-95A9-CDE1006C7125}.Release|Any CPU.Build.0 = Release|Any CPU
	EndGlobalSection
	GlobalSection(SolutionProperties) = preSolution
		HideSolutionNode = FALSE
	EndGlobalSection
	GlobalSection(ExtensibilityGlobals) = postSolution
		SolutionGuid = {767DF20B-E846-415F-8784-DFCC9C106A04}
	EndGlobalSection
EndGlobal
